
Microsoft Visual Studio Solution File, Format Version 12.00
# Visual Studio Version 16
VisualStudioVersion = 16.0.29411.108
MinimumVisualStudioVersion = 10.0.40219.1
Project("{FAE04EC0-301F-11D3-BF4B-00C04F79EFBC}") = "portfolioPortal", "portfolioPortal.csproj", "{7BD8D8FC-953F-4E00-AFAE-F0E91619DA5F}"
EndProject
Project("{E53339B2-1760-4266-BCC7-CA923CBCF16C}") = "docker-compose", "docker-compose.dcproj", "{91F51F0F-D279-427F-BFA5-21440A17D798}"
EndProject
Global
	GlobalSection(SolutionConfigurationPlatforms) = preSolution
		Debug|Any CPU = Debug|Any CPU
		Release|Any CPU = Release|Any CPU
	EndGlobalSection
	GlobalSection(ProjectConfigurationPlatforms) = postSolution
		{7BD8D8FC-953F-4E00-AFAE-F0E91619DA5F}.Debug|Any CPU.ActiveCfg = Debug|Any CPU
		{7BD8D8FC-953F-4E00-AFAE-F0E91619DA5F}.Debug|Any CPU.Build.0 = Debug|Any CPU
		{7BD8D8FC-953F-4E00-AFAE-F0E91619DA5F}.Release|Any CPU.ActiveCfg = Release|Any CPU
		{7BD8D8FC-953F-4E00-AFAE-F0E91619DA5F}.Release|Any CPU.Build.0 = Release|Any CPU
		{91F51F0F-D279-427F-BFA5-21440A17D798}.Debug|Any CPU.ActiveCfg = Debug|Any CPU
		{91F51F0F-D279-427F-BFA5-21440A17D798}.Debug|Any CPU.Build.0 = Debug|Any CPU
		{91F51F0F-D279-427F-BFA5-21440A17D798}.Release|Any CPU.ActiveCfg = Release|Any CPU
		{91F51F0F-D279-427F-BFA5-21440A17D798}.Release|Any CPU.Build.0 = Release|Any CPU
	EndGlobalSection
	GlobalSection(SolutionProperties) = preSolution
		HideSolutionNode = FALSE
	EndGlobalSection
	GlobalSection(ExtensibilityGlobals) = postSolution
		SolutionGuid = {FACFE8AE-BA2F-4DF7-94F9-2ECBC45FF3A0}
	EndGlobalSection
EndGlobal
