
Microsoft Visual Studio Solution File, Format Version 12.00
# Visual Studio Version 16
VisualStudioVersion = 16.0.29411.108
MinimumVisualStudioVersion = 10.0.40219.1
Project("{FAE04EC0-301F-11D3-BF4B-00C04F79EFBC}") = "_Portfolio", "_Portfolio.csproj", "{4D7C2AAE-4B1B-48ED-9F73-0AE508B5D91A}"
EndProject
Project("{E53339B2-1760-4266-BCC7-CA923CBCF16C}") = "docker-compose", "docker-compose.dcproj", "{0AA9DE50-9649-46EB-9323-4C803A4FE1A1}"
EndProject
Global
	GlobalSection(SolutionConfigurationPlatforms) = preSolution
		Debug|Any CPU = Debug|Any CPU
		Release|Any CPU = Release|Any CPU
	EndGlobalSection
	GlobalSection(ProjectConfigurationPlatforms) = postSolution
		{4D7C2AAE-4B1B-48ED-9F73-0AE508B5D91A}.Debug|Any CPU.ActiveCfg = Debug|Any CPU
		{4D7C2AAE-4B1B-48ED-9F73-0AE508B5D91A}.Debug|Any CPU.Build.0 = Debug|Any CPU
		{4D7C2AAE-4B1B-48ED-9F73-0AE508B5D91A}.Release|Any CPU.ActiveCfg = Release|Any CPU
		{4D7C2AAE-4B1B-48ED-9F73-0AE508B5D91A}.Release|Any CPU.Build.0 = Release|Any CPU
		{0AA9DE50-9649-46EB-9323-4C803A4FE1A1}.Debug|Any CPU.ActiveCfg = Debug|Any CPU
		{0AA9DE50-9649-46EB-9323-4C803A4FE1A1}.Debug|Any CPU.Build.0 = Debug|Any CPU
		{0AA9DE50-9649-46EB-9323-4C803A4FE1A1}.Release|Any CPU.ActiveCfg = Release|Any CPU
		{0AA9DE50-9649-46EB-9323-4C803A4FE1A1}.Release|Any CPU.Build.0 = Release|Any CPU
	EndGlobalSection
	GlobalSection(SolutionProperties) = preSolution
		HideSolutionNode = FALSE
	EndGlobalSection
	GlobalSection(ExtensibilityGlobals) = postSolution
		SolutionGuid = {D3EDBD90-30EC-4CAE-9370-CA44C347E351}
	EndGlobalSection
EndGlobal
